
Microsoft Visual Studio Solution File, Format Version 12.00
# Visual Studio Version 16
VisualStudioVersion = 16.0.31727.386
MinimumVisualStudioVersion = 10.0.40219.1
Project("{FAE04EC0-301F-11D3-BF4B-00C04F79EFBC}") = "Angram Difference", "Angram Difference\Angram Difference.csproj", "{55E9FFD8-B213-4961-AE92-57820C7AD410}"
EndProject
Global
	GlobalSection(SolutionConfigurationPlatforms) = preSolution
		Debug|Any CPU = Debug|Any CPU
		Release|Any CPU = Release|Any CPU
	EndGlobalSection
	GlobalSection(ProjectConfigurationPlatforms) = postSolution
		{55E9FFD8-B213-4961-AE92-57820C7AD410}.Debug|Any CPU.ActiveCfg = Debug|Any CPU
		{55E9FFD8-B213-4961-AE92-57820C7AD410}.Debug|Any CPU.Build.0 = Debug|Any CPU
		{55E9FFD8-B213-4961-AE92-57820C7AD410}.Release|Any CPU.ActiveCfg = Release|Any CPU
		{55E9FFD8-B213-4961-AE92-57820C7AD410}.Release|Any CPU.Build.0 = Release|Any CPU
	EndGlobalSection
	GlobalSection(SolutionProperties) = preSolution
		HideSolutionNode = FALSE
	EndGlobalSection
	GlobalSection(ExtensibilityGlobals) = postSolution
		SolutionGuid = {85A85F10-30F5-427F-BBB4-A5A5D6B8BEBA}
	EndGlobalSection
EndGlobal
